
Microsoft Visual Studio Solution File, Format Version 12.00
# Visual Studio Version 17
VisualStudioVersion = 17.5.33424.131
MinimumVisualStudioVersion = 10.0.40219.1
Project("{9A19103F-16F7-4668-BE54-9A1E7A4F7556}") = "AmazonApp", "AmazonApp\AmazonApp.csproj", "{D73FC06C-87CC-4711-89FB-81829D96C973}"
EndProject
Project("{9A19103F-16F7-4668-BE54-9A1E7A4F7556}") = "AmazonLibrary", "AmazonLibrary\AmazonLibrary.csproj", "{93D3B295-6B8B-4469-B804-C8CC37714252}"
EndProject
Project("{9A19103F-16F7-4668-BE54-9A1E7A4F7556}") = "LoggerApp", "LoggerApp\LoggerApp.csproj", "{BF377E83-9A60-4111-852D-01326CE4DD09}"
EndProject
Project("{9A19103F-16F7-4668-BE54-9A1E7A4F7556}") = "DifferentType", "DifferentType\DifferentType.csproj", "{BC5C9ADB-0F44-4775-BF7C-F0491DD56139}"
EndProject
Project("{9A19103F-16F7-4668-BE54-9A1E7A4F7556}") = "Generics", "Generics\Generics.csproj", "{5E368E32-A893-47DC-ACE0-CFAE46B48C72}"
EndProject
Project("{9A19103F-16F7-4668-BE54-9A1E7A4F7556}") = "Singleton", "Singleton\Singleton.csproj", "{DA47A7CD-28B9-4742-8595-1A758B5752CB}"
EndProject
Project("{9A19103F-16F7-4668-BE54-9A1E7A4F7556}") = "AsyncSimple", "AsyncSimple\AsyncSimple.csproj", "{0F28B4C0-C587-4396-9F29-F5FD9C078F28}"
EndProject
Project("{9A19103F-16F7-4668-BE54-9A1E7A4F7556}") = "AsyncSample2", "AsyncSample2\AsyncSample2.csproj", "{32A68F4E-27A4-47BD-9104-4DAF4F637310}"
EndProject
Project("{9A19103F-16F7-4668-BE54-9A1E7A4F7556}") = "AsyncBreakfast", "AsyncBreakfast\AsyncBreakfast.csproj", "{4183FFC3-E5BC-44FA-B1A9-525413F5508B}"
EndProject
Project("{FAE04EC0-301F-11D3-BF4B-00C04F79EFBC}") = "LinqSimpleApp", "LinqSimpleApp\LinqSimpleApp.csproj", "{255B1ABB-1E77-4720-B5A8-A44033D049AB}"
EndProject
Global
	GlobalSection(SolutionConfigurationPlatforms) = preSolution
		Debug|Any CPU = Debug|Any CPU
		Release|Any CPU = Release|Any CPU
	EndGlobalSection
	GlobalSection(ProjectConfigurationPlatforms) = postSolution
		{D73FC06C-87CC-4711-89FB-81829D96C973}.Debug|Any CPU.ActiveCfg = Debug|Any CPU
		{D73FC06C-87CC-4711-89FB-81829D96C973}.Debug|Any CPU.Build.0 = Debug|Any CPU
		{D73FC06C-87CC-4711-89FB-81829D96C973}.Release|Any CPU.ActiveCfg = Release|Any CPU
		{D73FC06C-87CC-4711-89FB-81829D96C973}.Release|Any CPU.Build.0 = Release|Any CPU
		{93D3B295-6B8B-4469-B804-C8CC37714252}.Debug|Any CPU.ActiveCfg = Debug|Any CPU
		{93D3B295-6B8B-4469-B804-C8CC37714252}.Debug|Any CPU.Build.0 = Debug|Any CPU
		{93D3B295-6B8B-4469-B804-C8CC37714252}.Release|Any CPU.ActiveCfg = Release|Any CPU
		{93D3B295-6B8B-4469-B804-C8CC37714252}.Release|Any CPU.Build.0 = Release|Any CPU
		{BF377E83-9A60-4111-852D-01326CE4DD09}.Debug|Any CPU.ActiveCfg = Debug|Any CPU
		{BF377E83-9A60-4111-852D-01326CE4DD09}.Debug|Any CPU.Build.0 = Debug|Any CPU
		{BF377E83-9A60-4111-852D-01326CE4DD09}.Release|Any CPU.ActiveCfg = Release|Any CPU
		{BF377E83-9A60-4111-852D-01326CE4DD09}.Release|Any CPU.Build.0 = Release|Any CPU
		{BC5C9ADB-0F44-4775-BF7C-F0491DD56139}.Debug|Any CPU.ActiveCfg = Debug|Any CPU
		{BC5C9ADB-0F44-4775-BF7C-F0491DD56139}.Debug|Any CPU.Build.0 = Debug|Any CPU
		{BC5C9ADB-0F44-4775-BF7C-F0491DD56139}.Release|Any CPU.ActiveCfg = Release|Any CPU
		{BC5C9ADB-0F44-4775-BF7C-F0491DD56139}.Release|Any CPU.Build.0 = Release|Any CPU
		{5E368E32-A893-47DC-ACE0-CFAE46B48C72}.Debug|Any CPU.ActiveCfg = Debug|Any CPU
		{5E368E32-A893-47DC-ACE0-CFAE46B48C72}.Debug|Any CPU.Build.0 = Debug|Any CPU
		{5E368E32-A893-47DC-ACE0-CFAE46B48C72}.Release|Any CPU.ActiveCfg = Release|Any CPU
		{5E368E32-A893-47DC-ACE0-CFAE46B48C72}.Release|Any CPU.Build.0 = Release|Any CPU
		{DA47A7CD-28B9-4742-8595-1A758B5752CB}.Debug|Any CPU.ActiveCfg = Debug|Any CPU
		{DA47A7CD-28B9-4742-8595-1A758B5752CB}.Debug|Any CPU.Build.0 = Debug|Any CPU
		{DA47A7CD-28B9-4742-8595-1A758B5752CB}.Release|Any CPU.ActiveCfg = Release|Any CPU
		{DA47A7CD-28B9-4742-8595-1A758B5752CB}.Release|Any CPU.Build.0 = Release|Any CPU
		{0F28B4C0-C587-4396-9F29-F5FD9C078F28}.Debug|Any CPU.ActiveCfg = Debug|Any CPU
		{0F28B4C0-C587-4396-9F29-F5FD9C078F28}.Debug|Any CPU.Build.0 = Debug|Any CPU
		{0F28B4C0-C587-4396-9F29-F5FD9C078F28}.Release|Any CPU.ActiveCfg = Release|Any CPU
		{0F28B4C0-C587-4396-9F29-F5FD9C078F28}.Release|Any CPU.Build.0 = Release|Any CPU
		{32A68F4E-27A4-47BD-9104-4DAF4F637310}.Debug|Any CPU.ActiveCfg = Debug|Any CPU
		{32A68F4E-27A4-47BD-9104-4DAF4F637310}.Debug|Any CPU.Build.0 = Debug|Any CPU
		{32A68F4E-27A4-47BD-9104-4DAF4F637310}.Release|Any CPU.ActiveCfg = Release|Any CPU
		{32A68F4E-27A4-47BD-9104-4DAF4F637310}.Release|Any CPU.Build.0 = Release|Any CPU
		{4183FFC3-E5BC-44FA-B1A9-525413F5508B}.Debug|Any CPU.ActiveCfg = Debug|Any CPU
		{4183FFC3-E5BC-44FA-B1A9-525413F5508B}.Debug|Any CPU.Build.0 = Debug|Any CPU
		{4183FFC3-E5BC-44FA-B1A9-525413F5508B}.Release|Any CPU.ActiveCfg = Release|Any CPU
		{4183FFC3-E5BC-44FA-B1A9-525413F5508B}.Release|Any CPU.Build.0 = Release|Any CPU
		{255B1ABB-1E77-4720-B5A8-A44033D049AB}.Debug|Any CPU.ActiveCfg = Debug|Any CPU
		{255B1ABB-1E77-4720-B5A8-A44033D049AB}.Debug|Any CPU.Build.0 = Debug|Any CPU
		{255B1ABB-1E77-4720-B5A8-A44033D049AB}.Release|Any CPU.ActiveCfg = Release|Any CPU
		{255B1ABB-1E77-4720-B5A8-A44033D049AB}.Release|Any CPU.Build.0 = Release|Any CPU
	EndGlobalSection
	GlobalSection(SolutionProperties) = preSolution
		HideSolutionNode = FALSE
	EndGlobalSection
	GlobalSection(ExtensibilityGlobals) = postSolution
		SolutionGuid = {64C0F1BF-E97B-4EE6-8A0B-7888FB21D0D6}
	EndGlobalSection
EndGlobal
